
Microsoft Visual Studio Solution File, Format Version 12.00
# Visual Studio Version 16
VisualStudioVersion = 16.0.29709.97
MinimumVisualStudioVersion = 10.0.40219.1
Project("{FAE04EC0-301F-11D3-BF4B-00C04F79EFBC}") = "HoveWork17", "HoveWork17\HoveWork17.csproj", "{B3411C89-34BF-4096-A6EC-48FC5AD2F22E}"
EndProject
Global
	GlobalSection(SolutionConfigurationPlatforms) = preSolution
		Debug|Any CPU = Debug|Any CPU
		Release|Any CPU = Release|Any CPU
	EndGlobalSection
	GlobalSection(ProjectConfigurationPlatforms) = postSolution
		{B3411C89-34BF-4096-A6EC-48FC5AD2F22E}.Debug|Any CPU.ActiveCfg = Debug|Any CPU
		{B3411C89-34BF-4096-A6EC-48FC5AD2F22E}.Debug|Any CPU.Build.0 = Debug|Any CPU
		{B3411C89-34BF-4096-A6EC-48FC5AD2F22E}.Release|Any CPU.ActiveCfg = Release|Any CPU
		{B3411C89-34BF-4096-A6EC-48FC5AD2F22E}.Release|Any CPU.Build.0 = Release|Any CPU
	EndGlobalSection
	GlobalSection(SolutionProperties) = preSolution
		HideSolutionNode = FALSE
	EndGlobalSection
	GlobalSection(ExtensibilityGlobals) = postSolution
		SolutionGuid = {C6D42E9F-3108-42E0-A63F-AA80414963E7}
	EndGlobalSection
EndGlobal
